// !$*UTF8*$!
{
	archiveVersion = 1;
	classes = {
	};
	objectVersion = 56;
	objects = {

/* Begin PBXBuildFile section */
		532B64BBA579DDB822B3CFFA /* Pods_SilverTown.framework in Frameworks */ = {isa = PBXBuildFile; fileRef = 57160249B890E62CBD30288D /* Pods_SilverTown.framework */; };
		FF9687A32974455500614DA9 /* DetailViewController.swift in Sources */ = {isa = PBXBuildFile; fileRef = FF9687A22974455500614DA9 /* DetailViewController.swift */; };
		FF9687A52974457000614DA9 /* DetailModel.swift in Sources */ = {isa = PBXBuildFile; fileRef = FF9687A42974457000614DA9 /* DetailModel.swift */; };
		FF9687A72974458800614DA9 /* DetailViewModel.swift in Sources */ = {isa = PBXBuildFile; fileRef = FF9687A62974458800614DA9 /* DetailViewModel.swift */; };
		FF9687A9297445A800614DA9 /* Detail.storyboard in Resources */ = {isa = PBXBuildFile; fileRef = FF9687A8297445A800614DA9 /* Detail.storyboard */; };
		FF976EE5297913BB004BD893 /* DetailCell.swift in Sources */ = {isa = PBXBuildFile; fileRef = FF976EE4297913BB004BD893 /* DetailCell.swift */; };
		FF9AE7DC2972F08B0088C2B7 /* NanumGothic.ttf in Resources */ = {isa = PBXBuildFile; fileRef = FF9AE7D82972F08B0088C2B7 /* NanumGothic.ttf */; };
		FF9AE7DD2972F08B0088C2B7 /* NanumGothicExtraBold.ttf in Resources */ = {isa = PBXBuildFile; fileRef = FF9AE7D92972F08B0088C2B7 /* NanumGothicExtraBold.ttf */; };
		FF9AE7DE2972F08B0088C2B7 /* NanumGothicBold.ttf in Resources */ = {isa = PBXBuildFile; fileRef = FF9AE7DA2972F08B0088C2B7 /* NanumGothicBold.ttf */; };
		FF9AE7DF2972F08B0088C2B7 /* NanumGothicLight.ttf in Resources */ = {isa = PBXBuildFile; fileRef = FF9AE7DB2972F08B0088C2B7 /* NanumGothicLight.ttf */; };
		FFAB2200296A7EDC00E32CAC /* LaunchViewController.swift in Sources */ = {isa = PBXBuildFile; fileRef = FFAB21FF296A7EDC00E32CAC /* LaunchViewController.swift */; };
		FFAB2202296A813D00E32CAC /* Launch.storyboard in Resources */ = {isa = PBXBuildFile; fileRef = FFAB2201296A813D00E32CAC /* Launch.storyboard */; };
		FFAEB50729704C2B00A13670 /* MainCell.swift in Sources */ = {isa = PBXBuildFile; fileRef = FFAEB50629704C2B00A13670 /* MainCell.swift */; };
		FFC4A59C296848370028E135 /* AppDelegate.swift in Sources */ = {isa = PBXBuildFile; fileRef = FFC4A59B296848370028E135 /* AppDelegate.swift */; };
		FFC4A59E296848370028E135 /* SceneDelegate.swift in Sources */ = {isa = PBXBuildFile; fileRef = FFC4A59D296848370028E135 /* SceneDelegate.swift */; };
		FFC4A5A0296848370028E135 /* MainViewController.swift in Sources */ = {isa = PBXBuildFile; fileRef = FFC4A59F296848370028E135 /* MainViewController.swift */; };
		FFC4A5A3296848370028E135 /* Main.storyboard in Resources */ = {isa = PBXBuildFile; fileRef = FFC4A5A1296848370028E135 /* Main.storyboard */; };
		FFC4A5A6296848370028E135 /* SilverTown.xcdatamodeld in Sources */ = {isa = PBXBuildFile; fileRef = FFC4A5A4296848370028E135 /* SilverTown.xcdatamodeld */; };
		FFC4A5A8296848430028E135 /* Assets.xcassets in Resources */ = {isa = PBXBuildFile; fileRef = FFC4A5A7296848430028E135 /* Assets.xcassets */; };
		FFD32077296D86980098F456 /* MainModel.swift in Sources */ = {isa = PBXBuildFile; fileRef = FFD32076296D86980098F456 /* MainModel.swift */; };
		FFD32079296D86CA0098F456 /* MainViewModel.swift in Sources */ = {isa = PBXBuildFile; fileRef = FFD32078296D86CA0098F456 /* MainViewModel.swift */; };
		FFD86A4F297126710023F004 /* Colors.swift in Sources */ = {isa = PBXBuildFile; fileRef = FFD86A4E297126710023F004 /* Colors.swift */; };
		FFD86A5129713CF80023F004 /* UISettings.swift in Sources */ = {isa = PBXBuildFile; fileRef = FFD86A5029713CF80023F004 /* UISettings.swift */; };
/* End PBXBuildFile section */

/* Begin PBXFileReference section */
		3ECF1C1995B32BFC078643E6 /* Pods-SilverTown.release.xcconfig */ = {isa = PBXFileReference; includeInIndex = 1; lastKnownFileType = text.xcconfig; name = "Pods-SilverTown.release.xcconfig"; path = "Target Support Files/Pods-SilverTown/Pods-SilverTown.release.xcconfig"; sourceTree = "<group>"; };
		4D72EF8E886A0D02BB9205FC /* Pods-SilverTown.debug.xcconfig */ = {isa = PBXFileReference; includeInIndex = 1; lastKnownFileType = text.xcconfig; name = "Pods-SilverTown.debug.xcconfig"; path = "Target Support Files/Pods-SilverTown/Pods-SilverTown.debug.xcconfig"; sourceTree = "<group>"; };
		57160249B890E62CBD30288D /* Pods_SilverTown.framework */ = {isa = PBXFileReference; explicitFileType = wrapper.framework; includeInIndex = 0; path = Pods_SilverTown.framework; sourceTree = BUILT_PRODUCTS_DIR; };
		FF9687A22974455500614DA9 /* DetailViewController.swift */ = {isa = PBXFileReference; lastKnownFileType = sourcecode.swift; path = DetailViewController.swift; sourceTree = "<group>"; };
		FF9687A42974457000614DA9 /* DetailModel.swift */ = {isa = PBXFileReference; lastKnownFileType = sourcecode.swift; path = DetailModel.swift; sourceTree = "<group>"; };
		FF9687A62974458800614DA9 /* DetailViewModel.swift */ = {isa = PBXFileReference; lastKnownFileType = sourcecode.swift; path = DetailViewModel.swift; sourceTree = "<group>"; };
		FF9687A8297445A800614DA9 /* Detail.storyboard */ = {isa = PBXFileReference; lastKnownFileType = file.storyboard; path = Detail.storyboard; sourceTree = "<group>"; };
		FF976EE4297913BB004BD893 /* DetailCell.swift */ = {isa = PBXFileReference; lastKnownFileType = sourcecode.swift; path = DetailCell.swift; sourceTree = "<group>"; };
		FF9AE7D02972E9A90088C2B7 /* Comfortaa-Bold.ttf */ = {isa = PBXFileReference; lastKnownFileType = file; path = "Comfortaa-Bold.ttf"; sourceTree = "<group>"; };
		FF9AE7D12972E9A90088C2B7 /* Comfortaa-Medium.ttf */ = {isa = PBXFileReference; lastKnownFileType = file; path = "Comfortaa-Medium.ttf"; sourceTree = "<group>"; };
		FF9AE7D22972E9A90088C2B7 /* Comfortaa-Regular.ttf */ = {isa = PBXFileReference; lastKnownFileType = file; name = "Comfortaa-Regular.ttf"; path = "../../../../../Users/yyjweber/Downloads/Comfortaa/static/Comfortaa-Regular.ttf"; sourceTree = "<group>"; };
		FF9AE7D32972E9A90088C2B7 /* Comfortaa-Light.ttf */ = {isa = PBXFileReference; lastKnownFileType = file; path = "Comfortaa-Light.ttf"; sourceTree = "<group>"; };
		FF9AE7D42972E9A90088C2B7 /* Comfortaa-SemiBold.ttf */ = {isa = PBXFileReference; lastKnownFileType = file; path = "Comfortaa-SemiBold.ttf"; sourceTree = "<group>"; };
		FF9AE7D82972F08B0088C2B7 /* NanumGothic.ttf */ = {isa = PBXFileReference; lastKnownFileType = file; name = NanumGothic.ttf; path = "../../../../../Users/yyjweber/Downloads/나눔 글꼴/나눔고딕/NanumFontSetup_TTF_GOTHIC/NanumGothic.ttf"; sourceTree = "<group>"; };
		FF9AE7D92972F08B0088C2B7 /* NanumGothicExtraBold.ttf */ = {isa = PBXFileReference; lastKnownFileType = file; name = NanumGothicExtraBold.ttf; path = "../../../../../Users/yyjweber/Downloads/나눔 글꼴/나눔고딕/NanumFontSetup_TTF_GOTHIC/NanumGothicExtraBold.ttf"; sourceTree = "<group>"; };
		FF9AE7DA2972F08B0088C2B7 /* NanumGothicBold.ttf */ = {isa = PBXFileReference; lastKnownFileType = file; name = NanumGothicBold.ttf; path = "../../../../../Users/yyjweber/Downloads/나눔 글꼴/나눔고딕/NanumFontSetup_TTF_GOTHIC/NanumGothicBold.ttf"; sourceTree = "<group>"; };
		FF9AE7DB2972F08B0088C2B7 /* NanumGothicLight.ttf */ = {isa = PBXFileReference; lastKnownFileType = file; name = NanumGothicLight.ttf; path = "../../../../../Users/yyjweber/Downloads/나눔 글꼴/나눔고딕/NanumFontSetup_TTF_GOTHIC/NanumGothicLight.ttf"; sourceTree = "<group>"; };
		FFAB21FF296A7EDC00E32CAC /* LaunchViewController.swift */ = {isa = PBXFileReference; lastKnownFileType = sourcecode.swift; path = LaunchViewController.swift; sourceTree = "<group>"; };
		FFAB2201296A813D00E32CAC /* Launch.storyboard */ = {isa = PBXFileReference; lastKnownFileType = file.storyboard; path = Launch.storyboard; sourceTree = "<group>"; };
		FFAEB50629704C2B00A13670 /* MainCell.swift */ = {isa = PBXFileReference; lastKnownFileType = sourcecode.swift; path = MainCell.swift; sourceTree = "<group>"; };
		FFC4A598296848370028E135 /* SilverTown.app */ = {isa = PBXFileReference; explicitFileType = wrapper.application; includeInIndex = 0; path = SilverTown.app; sourceTree = BUILT_PRODUCTS_DIR; };
		FFC4A59B296848370028E135 /* AppDelegate.swift */ = {isa = PBXFileReference; lastKnownFileType = sourcecode.swift; path = AppDelegate.swift; sourceTree = "<group>"; };
		FFC4A59D296848370028E135 /* SceneDelegate.swift */ = {isa = PBXFileReference; lastKnownFileType = sourcecode.swift; path = SceneDelegate.swift; sourceTree = "<group>"; };
		FFC4A59F296848370028E135 /* MainViewController.swift */ = {isa = PBXFileReference; lastKnownFileType = sourcecode.swift; path = MainViewController.swift; sourceTree = "<group>"; };
		FFC4A5A2296848370028E135 /* Base */ = {isa = PBXFileReference; lastKnownFileType = file.storyboard; name = Base; path = Base.lproj/Main.storyboard; sourceTree = "<group>"; };
		FFC4A5A5296848370028E135 /* SilverTown.xcdatamodel */ = {isa = PBXFileReference; lastKnownFileType = wrapper.xcdatamodel; path = SilverTown.xcdatamodel; sourceTree = "<group>"; };
		FFC4A5A7296848430028E135 /* Assets.xcassets */ = {isa = PBXFileReference; lastKnownFileType = folder.assetcatalog; path = Assets.xcassets; sourceTree = "<group>"; };
		FFC4A5AC296848430028E135 /* Info.plist */ = {isa = PBXFileReference; lastKnownFileType = text.plist.xml; path = Info.plist; sourceTree = "<group>"; };
		FFD32076296D86980098F456 /* MainModel.swift */ = {isa = PBXFileReference; lastKnownFileType = sourcecode.swift; path = MainModel.swift; sourceTree = "<group>"; };
		FFD32078296D86CA0098F456 /* MainViewModel.swift */ = {isa = PBXFileReference; lastKnownFileType = sourcecode.swift; path = MainViewModel.swift; sourceTree = "<group>"; };
		FFD86A4E297126710023F004 /* Colors.swift */ = {isa = PBXFileReference; lastKnownFileType = sourcecode.swift; path = Colors.swift; sourceTree = "<group>"; };
		FFD86A5029713CF80023F004 /* UISettings.swift */ = {isa = PBXFileReference; lastKnownFileType = sourcecode.swift; path = UISettings.swift; sourceTree = "<group>"; };
/* End PBXFileReference section */

/* Begin PBXFrameworksBuildPhase section */
		FFC4A595296848370028E135 /* Frameworks */ = {
			isa = PBXFrameworksBuildPhase;
			buildActionMask = 2147483647;
			files = (
				532B64BBA579DDB822B3CFFA /* Pods_SilverTown.framework in Frameworks */,
			);
			runOnlyForDeploymentPostprocessing = 0;
		};
/* End PBXFrameworksBuildPhase section */

/* Begin PBXGroup section */
		5482229379702F5F09D7E187 /* Pods */ = {
			isa = PBXGroup;
			children = (
				4D72EF8E886A0D02BB9205FC /* Pods-SilverTown.debug.xcconfig */,
				3ECF1C1995B32BFC078643E6 /* Pods-SilverTown.release.xcconfig */,
			);
			path = Pods;
			sourceTree = "<group>";
		};
		81021421B9345A6030256867 /* Frameworks */ = {
			isa = PBXGroup;
			children = (
				57160249B890E62CBD30288D /* Pods_SilverTown.framework */,
			);
			name = Frameworks;
			sourceTree = "<group>";
		};
		FF93D3B42972D341005CF387 /* Font */ = {
			isa = PBXGroup;
			children = (
				FF9AE7D82972F08B0088C2B7 /* NanumGothic.ttf */,
				FF9AE7DA2972F08B0088C2B7 /* NanumGothicBold.ttf */,
				FF9AE7D92972F08B0088C2B7 /* NanumGothicExtraBold.ttf */,
				FF9AE7DB2972F08B0088C2B7 /* NanumGothicLight.ttf */,
				FF9AE7D02972E9A90088C2B7 /* Comfortaa-Bold.ttf */,
				FF9AE7D32972E9A90088C2B7 /* Comfortaa-Light.ttf */,
				FF9AE7D12972E9A90088C2B7 /* Comfortaa-Medium.ttf */,
				FF9AE7D22972E9A90088C2B7 /* Comfortaa-Regular.ttf */,
				FF9AE7D42972E9A90088C2B7 /* Comfortaa-SemiBold.ttf */,
			);
			path = Font;
			sourceTree = "<group>";
		};
		FFA647C4296C85FB00ABC259 /* Common */ = {
			isa = PBXGroup;
			children = (
				FFD86A4E297126710023F004 /* Colors.swift */,
				FFD86A5029713CF80023F004 /* UISettings.swift */,
			);
			path = Common;
			sourceTree = "<group>";
		};
		FFAB21F9296A4D3300E32CAC /* Launch */ = {
			isa = PBXGroup;
			children = (
				FFAB21FF296A7EDC00E32CAC /* LaunchViewController.swift */,
				FFAB2201296A813D00E32CAC /* Launch.storyboard */,
			);
			path = Launch;
			sourceTree = "<group>";
		};
		FFAB21FA296A4E0200E32CAC /* Main */ = {
			isa = PBXGroup;
			children = (
				FFD32076296D86980098F456 /* MainModel.swift */,
				FFD32078296D86CA0098F456 /* MainViewModel.swift */,
				FFAEB50629704C2B00A13670 /* MainCell.swift */,
				FFC4A59F296848370028E135 /* MainViewController.swift */,
				FFC4A5A1296848370028E135 /* Main.storyboard */,
			);
			path = Main;
			sourceTree = "<group>";
		};
		FFAB21FB296A4E4600E32CAC /* Detail */ = {
			isa = PBXGroup;
			children = (
				FF9687A42974457000614DA9 /* DetailModel.swift */,
				FF9687A62974458800614DA9 /* DetailViewModel.swift */,
				FF976EE4297913BB004BD893 /* DetailCell.swift */,
				FF9687A22974455500614DA9 /* DetailViewController.swift */,
				FF9687A8297445A800614DA9 /* Detail.storyboard */,
			);
			path = Detail;
			sourceTree = "<group>";
		};
		FFAB21FC296A501000E32CAC /* Filter */ = {
			isa = PBXGroup;
			children = (
			);
			path = Filter;
			sourceTree = "<group>";
		};
		FFAB21FD296A502000E32CAC /* Search */ = {
			isa = PBXGroup;
			children = (
			);
			path = Search;
			sourceTree = "<group>";
		};
		FFAB21FE296A503C00E32CAC /* BookMark */ = {
			isa = PBXGroup;
			children = (
			);
			path = BookMark;
			sourceTree = "<group>";
		};
		FFC4A58F296848370028E135 = {
			isa = PBXGroup;
			children = (
				FFC4A59A296848370028E135 /* SilverTown */,
				FFC4A599296848370028E135 /* Products */,
				5482229379702F5F09D7E187 /* Pods */,
				81021421B9345A6030256867 /* Frameworks */,
			);
			sourceTree = "<group>";
		};
		FFC4A599296848370028E135 /* Products */ = {
			isa = PBXGroup;
			children = (
				FFC4A598296848370028E135 /* SilverTown.app */,
			);
			name = Products;
			sourceTree = "<group>";
		};
		FFC4A59A296848370028E135 /* SilverTown */ = {
			isa = PBXGroup;
			children = (
				FFAB21F9296A4D3300E32CAC /* Launch */,
				FFAB21FA296A4E0200E32CAC /* Main */,
				FFAB21FB296A4E4600E32CAC /* Detail */,
				FFAB21FC296A501000E32CAC /* Filter */,
				FFAB21FD296A502000E32CAC /* Search */,
				FFAB21FE296A503C00E32CAC /* BookMark */,
				FFA647C4296C85FB00ABC259 /* Common */,
				FF93D3B42972D341005CF387 /* Font */,
				FFC4A59B296848370028E135 /* AppDelegate.swift */,
				FFC4A59D296848370028E135 /* SceneDelegate.swift */,
				FFC4A5A7296848430028E135 /* Assets.xcassets */,
				FFC4A5AC296848430028E135 /* Info.plist */,
				FFC4A5A4296848370028E135 /* SilverTown.xcdatamodeld */,
			);
			path = SilverTown;
			sourceTree = "<group>";
		};
/* End PBXGroup section */

/* Begin PBXNativeTarget section */
		FFC4A597296848370028E135 /* SilverTown */ = {
			isa = PBXNativeTarget;
			buildConfigurationList = FFC4A5AF296848430028E135 /* Build configuration list for PBXNativeTarget "SilverTown" */;
			buildPhases = (
				2F2197C23948498D8119C6CC /* [CP] Check Pods Manifest.lock */,
				FFC4A594296848370028E135 /* Sources */,
				FFC4A595296848370028E135 /* Frameworks */,
				FFC4A596296848370028E135 /* Resources */,
				9119D482BE4302A60E51FBE6 /* [CP] Embed Pods Frameworks */,
			);
			buildRules = (
			);
			dependencies = (
			);
			name = SilverTown;
			productName = SilverTown;
			productReference = FFC4A598296848370028E135 /* SilverTown.app */;
			productType = "com.apple.product-type.application";
		};
/* End PBXNativeTarget section */

/* Begin PBXProject section */
		FFC4A590296848370028E135 /* Project object */ = {
			isa = PBXProject;
			attributes = {
				BuildIndependentTargetsInParallel = 1;
				LastSwiftUpdateCheck = 1400;
				LastUpgradeCheck = 1400;
				TargetAttributes = {
					FFC4A597296848370028E135 = {
						CreatedOnToolsVersion = 14.0.1;
					};
				};
			};
			buildConfigurationList = FFC4A593296848370028E135 /* Build configuration list for PBXProject "SilverTown" */;
			compatibilityVersion = "Xcode 14.0";
			developmentRegion = en;
			hasScannedForEncodings = 0;
			knownRegions = (
				en,
				Base,
			);
			mainGroup = FFC4A58F296848370028E135;
			productRefGroup = FFC4A599296848370028E135 /* Products */;
			projectDirPath = "";
			projectRoot = "";
			targets = (
				FFC4A597296848370028E135 /* SilverTown */,
			);
		};
/* End PBXProject section */

/* Begin PBXResourcesBuildPhase section */
		FFC4A596296848370028E135 /* Resources */ = {
			isa = PBXResourcesBuildPhase;
			buildActionMask = 2147483647;
			files = (
				FF9AE7DD2972F08B0088C2B7 /* NanumGothicExtraBold.ttf in Resources */,
				FFC4A5A8296848430028E135 /* Assets.xcassets in Resources */,
				FF9AE7DE2972F08B0088C2B7 /* NanumGothicBold.ttf in Resources */,
				FF9687A9297445A800614DA9 /* Detail.storyboard in Resources */,
				FFAB2202296A813D00E32CAC /* Launch.storyboard in Resources */,
				FF9AE7DF2972F08B0088C2B7 /* NanumGothicLight.ttf in Resources */,
				FFC4A5A3296848370028E135 /* Main.storyboard in Resources */,
				FF9AE7DC2972F08B0088C2B7 /* NanumGothic.ttf in Resources */,
			);
			runOnlyForDeploymentPostprocessing = 0;
		};
/* End PBXResourcesBuildPhase section */

/* Begin PBXShellScriptBuildPhase section */
		2F2197C23948498D8119C6CC /* [CP] Check Pods Manifest.lock */ = {
			isa = PBXShellScriptBuildPhase;
			buildActionMask = 2147483647;
			files = (
			);
			inputFileListPaths = (
			);
			inputPaths = (
				"${PODS_PODFILE_DIR_PATH}/Podfile.lock",
				"${PODS_ROOT}/Manifest.lock",
			);
			name = "[CP] Check Pods Manifest.lock";
			outputFileListPaths = (
			);
			outputPaths = (
				"$(DERIVED_FILE_DIR)/Pods-SilverTown-checkManifestLockResult.txt",
			);
			runOnlyForDeploymentPostprocessing = 0;
			shellPath = /bin/sh;
			shellScript = "diff \"${PODS_PODFILE_DIR_PATH}/Podfile.lock\" \"${PODS_ROOT}/Manifest.lock\" > /dev/null\nif [ $? != 0 ] ; then\n    # print error to STDERR\n    echo \"error: The sandbox is not in sync with the Podfile.lock. Run 'pod install' or update your CocoaPods installation.\" >&2\n    exit 1\nfi\n# This output is used by Xcode 'outputs' to avoid re-running this script phase.\necho \"SUCCESS\" > \"${SCRIPT_OUTPUT_FILE_0}\"\n";
			showEnvVarsInLog = 0;
		};
		9119D482BE4302A60E51FBE6 /* [CP] Embed Pods Frameworks */ = {
			isa = PBXShellScriptBuildPhase;
			buildActionMask = 2147483647;
			files = (
			);
			inputFileListPaths = (
				"${PODS_ROOT}/Target Support Files/Pods-SilverTown/Pods-SilverTown-frameworks-${CONFIGURATION}-input-files.xcfilelist",
			);
			name = "[CP] Embed Pods Frameworks";
			outputFileListPaths = (
				"${PODS_ROOT}/Target Support Files/Pods-SilverTown/Pods-SilverTown-frameworks-${CONFIGURATION}-output-files.xcfilelist",
			);
			runOnlyForDeploymentPostprocessing = 0;
			shellPath = /bin/sh;
			shellScript = "\"${PODS_ROOT}/Target Support Files/Pods-SilverTown/Pods-SilverTown-frameworks.sh\"\n";
			showEnvVarsInLog = 0;
		};
/* End PBXShellScriptBuildPhase section */

/* Begin PBXSourcesBuildPhase section */
		FFC4A594296848370028E135 /* Sources */ = {
			isa = PBXSourcesBuildPhase;
			buildActionMask = 2147483647;
			files = (
				FF9687A52974457000614DA9 /* DetailModel.swift in Sources */,
				FF9687A32974455500614DA9 /* DetailViewController.swift in Sources */,
				FFC4A5A6296848370028E135 /* SilverTown.xcdatamodeld in Sources */,
				FFD86A4F297126710023F004 /* Colors.swift in Sources */,
				FFD86A5129713CF80023F004 /* UISettings.swift in Sources */,
				FFC4A5A0296848370028E135 /* MainViewController.swift in Sources */,
				FFD32079296D86CA0098F456 /* MainViewModel.swift in Sources */,
				FFD32077296D86980098F456 /* MainModel.swift in Sources */,
				FFC4A59C296848370028E135 /* AppDelegate.swift in Sources */,
				FF9687A72974458800614DA9 /* DetailViewModel.swift in Sources */,
				FFAEB50729704C2B00A13670 /* MainCell.swift in Sources */,
				FFAB2200296A7EDC00E32CAC /* LaunchViewController.swift in Sources */,
				FF976EE5297913BB004BD893 /* DetailCell.swift in Sources */,
				FFC4A59E296848370028E135 /* SceneDelegate.swift in Sources */,
			);
			runOnlyForDeploymentPostprocessing = 0;
		};
/* End PBXSourcesBuildPhase section */

/* Begin PBXVariantGroup section */
		FFC4A5A1296848370028E135 /* Main.storyboard */ = {
			isa = PBXVariantGroup;
			children = (
				FFC4A5A2296848370028E135 /* Base */,
			);
			name = Main.storyboard;
			sourceTree = "<group>";
		};
/* End PBXVariantGroup section */

/* Begin XCBuildConfiguration section */
		FFC4A5AD296848430028E135 /* Debug */ = {
			isa = XCBuildConfiguration;
			buildSettings = {
				ALWAYS_SEARCH_USER_PATHS = NO;
				CLANG_ANALYZER_NONNULL = YES;
				CLANG_ANALYZER_NUMBER_OBJECT_CONVERSION = YES_AGGRESSIVE;
				CLANG_CXX_LANGUAGE_STANDARD = "gnu++20";
				CLANG_ENABLE_MODULES = YES;
				CLANG_ENABLE_OBJC_ARC = YES;
				CLANG_ENABLE_OBJC_WEAK = YES;
				CLANG_WARN_BLOCK_CAPTURE_AUTORELEASING = YES;
				CLANG_WARN_BOOL_CONVERSION = YES;
				CLANG_WARN_COMMA = YES;
				CLANG_WARN_CONSTANT_CONVERSION = YES;
				CLANG_WARN_DEPRECATED_OBJC_IMPLEMENTATIONS = YES;
				CLANG_WARN_DIRECT_OBJC_ISA_USAGE = YES_ERROR;
				CLANG_WARN_DOCUMENTATION_COMMENTS = YES;
				CLANG_WARN_EMPTY_BODY = YES;
				CLANG_WARN_ENUM_CONVERSION = YES;
				CLANG_WARN_INFINITE_RECURSION = YES;
				CLANG_WARN_INT_CONVERSION = YES;
				CLANG_WARN_NON_LITERAL_NULL_CONVERSION = YES;
				CLANG_WARN_OBJC_IMPLICIT_RETAIN_SELF = YES;
				CLANG_WARN_OBJC_LITERAL_CONVERSION = YES;
				CLANG_WARN_OBJC_ROOT_CLASS = YES_ERROR;
				CLANG_WARN_QUOTED_INCLUDE_IN_FRAMEWORK_HEADER = YES;
				CLANG_WARN_RANGE_LOOP_ANALYSIS = YES;
				CLANG_WARN_STRICT_PROTOTYPES = YES;
				CLANG_WARN_SUSPICIOUS_MOVE = YES;
				CLANG_WARN_UNGUARDED_AVAILABILITY = YES_AGGRESSIVE;
				CLANG_WARN_UNREACHABLE_CODE = YES;
				CLANG_WARN__DUPLICATE_METHOD_MATCH = YES;
				COPY_PHASE_STRIP = NO;
				DEBUG_INFORMATION_FORMAT = dwarf;
				ENABLE_STRICT_OBJC_MSGSEND = YES;
				ENABLE_TESTABILITY = YES;
				GCC_C_LANGUAGE_STANDARD = gnu11;
				GCC_DYNAMIC_NO_PIC = NO;
				GCC_NO_COMMON_BLOCKS = YES;
				GCC_OPTIMIZATION_LEVEL = 0;
				GCC_PREPROCESSOR_DEFINITIONS = (
					"DEBUG=1",
					"$(inherited)",
				);
				GCC_WARN_64_TO_32_BIT_CONVERSION = YES;
				GCC_WARN_ABOUT_RETURN_TYPE = YES_ERROR;
				GCC_WARN_UNDECLARED_SELECTOR = YES;
				GCC_WARN_UNINITIALIZED_AUTOS = YES_AGGRESSIVE;
				GCC_WARN_UNUSED_FUNCTION = YES;
				GCC_WARN_UNUSED_VARIABLE = YES;
				IPHONEOS_DEPLOYMENT_TARGET = 14.0;
				MTL_ENABLE_DEBUG_INFO = INCLUDE_SOURCE;
				MTL_FAST_MATH = YES;
				ONLY_ACTIVE_ARCH = YES;
				SDKROOT = iphoneos;
				SWIFT_ACTIVE_COMPILATION_CONDITIONS = DEBUG;
				SWIFT_OPTIMIZATION_LEVEL = "-Onone";
			};
			name = Debug;
		};
		FFC4A5AE296848430028E135 /* Release */ = {
			isa = XCBuildConfiguration;
			buildSettings = {
				ALWAYS_SEARCH_USER_PATHS = NO;
				CLANG_ANALYZER_NONNULL = YES;
				CLANG_ANALYZER_NUMBER_OBJECT_CONVERSION = YES_AGGRESSIVE;
				CLANG_CXX_LANGUAGE_STANDARD = "gnu++20";
				CLANG_ENABLE_MODULES = YES;
				CLANG_ENABLE_OBJC_ARC = YES;
				CLANG_ENABLE_OBJC_WEAK = YES;
				CLANG_WARN_BLOCK_CAPTURE_AUTORELEASING = YES;
				CLANG_WARN_BOOL_CONVERSION = YES;
				CLANG_WARN_COMMA = YES;
				CLANG_WARN_CONSTANT_CONVERSION = YES;
				CLANG_WARN_DEPRECATED_OBJC_IMPLEMENTATIONS = YES;
				CLANG_WARN_DIRECT_OBJC_ISA_USAGE = YES_ERROR;
				CLANG_WARN_DOCUMENTATION_COMMENTS = YES;
				CLANG_WARN_EMPTY_BODY = YES;
				CLANG_WARN_ENUM_CONVERSION = YES;
				CLANG_WARN_INFINITE_RECURSION = YES;
				CLANG_WARN_INT_CONVERSION = YES;
				CLANG_WARN_NON_LITERAL_NULL_CONVERSION = YES;
				CLANG_WARN_OBJC_IMPLICIT_RETAIN_SELF = YES;
				CLANG_WARN_OBJC_LITERAL_CONVERSION = YES;
				CLANG_WARN_OBJC_ROOT_CLASS = YES_ERROR;
				CLANG_WARN_QUOTED_INCLUDE_IN_FRAMEWORK_HEADER = YES;
				CLANG_WARN_RANGE_LOOP_ANALYSIS = YES;
				CLANG_WARN_STRICT_PROTOTYPES = YES;
				CLANG_WARN_SUSPICIOUS_MOVE = YES;
				CLANG_WARN_UNGUARDED_AVAILABILITY = YES_AGGRESSIVE;
				CLANG_WARN_UNREACHABLE_CODE = YES;
				CLANG_WARN__DUPLICATE_METHOD_MATCH = YES;
				COPY_PHASE_STRIP = NO;
				DEBUG_INFORMATION_FORMAT = "dwarf-with-dsym";
				ENABLE_NS_ASSERTIONS = NO;
				ENABLE_STRICT_OBJC_MSGSEND = YES;
				GCC_C_LANGUAGE_STANDARD = gnu11;
				GCC_NO_COMMON_BLOCKS = YES;
				GCC_WARN_64_TO_32_BIT_CONVERSION = YES;
				GCC_WARN_ABOUT_RETURN_TYPE = YES_ERROR;
				GCC_WARN_UNDECLARED_SELECTOR = YES;
				GCC_WARN_UNINITIALIZED_AUTOS = YES_AGGRESSIVE;
				GCC_WARN_UNUSED_FUNCTION = YES;
				GCC_WARN_UNUSED_VARIABLE = YES;
				IPHONEOS_DEPLOYMENT_TARGET = 14.0;
				MTL_ENABLE_DEBUG_INFO = NO;
				MTL_FAST_MATH = YES;
				SDKROOT = iphoneos;
				SWIFT_COMPILATION_MODE = wholemodule;
				SWIFT_OPTIMIZATION_LEVEL = "-O";
				VALIDATE_PRODUCT = YES;
			};
			name = Release;
		};
		FFC4A5B0296848430028E135 /* Debug */ = {
			isa = XCBuildConfiguration;
			baseConfigurationReference = 4D72EF8E886A0D02BB9205FC /* Pods-SilverTown.debug.xcconfig */;
			buildSettings = {
				ASSETCATALOG_COMPILER_APPICON_NAME = AppIcon;
				ASSETCATALOG_COMPILER_GLOBAL_ACCENT_COLOR_NAME = AccentColor;
				CODE_SIGN_STYLE = Automatic;
				CURRENT_PROJECT_VERSION = 1;
				DEVELOPMENT_TEAM = 8CCQ83UQRS;
				GENERATE_INFOPLIST_FILE = YES;
				INFOPLIST_FILE = SilverTown/Info.plist;
				INFOPLIST_KEY_UIApplicationSupportsIndirectInputEvents = YES;
				INFOPLIST_KEY_UILaunchStoryboardName = LaunchScreen;
				INFOPLIST_KEY_UIMainStoryboardFile = Main;
				INFOPLIST_KEY_UISupportedInterfaceOrientations = UIInterfaceOrientationPortrait;
				INFOPLIST_KEY_UISupportedInterfaceOrientations_iPad = "UIInterfaceOrientationLandscapeLeft UIInterfaceOrientationLandscapeRight UIInterfaceOrientationPortrait UIInterfaceOrientationPortraitUpsideDown";
				IPHONEOS_DEPLOYMENT_TARGET = 14.0;
				LD_RUNPATH_SEARCH_PATHS = (
					"$(inherited)",
					"@executable_path/Frameworks",
				);
				MARKETING_VERSION = 1.0.1;
				PRODUCT_BUNDLE_IDENTIFIER = com.app.SilverTown;
				PRODUCT_NAME = "$(TARGET_NAME)";
				SUPPORTED_PLATFORMS = "iphoneos iphonesimulator";
				SUPPORTS_MACCATALYST = NO;
				SUPPORTS_MAC_DESIGNED_FOR_IPHONE_IPAD = NO;
				SWIFT_EMIT_LOC_STRINGS = YES;
				SWIFT_VERSION = 5.0;
				TARGETED_DEVICE_FAMILY = 1;
			};
			name = Debug;
		};
		FFC4A5B1296848430028E135 /* Release */ = {
			isa = XCBuildConfiguration;
			baseConfigurationReference = 3ECF1C1995B32BFC078643E6 /* Pods-SilverTown.release.xcconfig */;
			buildSettings = {
				ASSETCATALOG_COMPILER_APPICON_NAME = AppIcon;
				ASSETCATALOG_COMPILER_GLOBAL_ACCENT_COLOR_NAME = AccentColor;
				CODE_SIGN_STYLE = Automatic;
				CURRENT_PROJECT_VERSION = 1;
				DEVELOPMENT_TEAM = 8CCQ83UQRS;
				GENERATE_INFOPLIST_FILE = YES;
				INFOPLIST_FILE = SilverTown/Info.plist;
				INFOPLIST_KEY_UIApplicationSupportsIndirectInputEvents = YES;
				INFOPLIST_KEY_UILaunchStoryboardName = LaunchScreen;
				INFOPLIST_KEY_UIMainStoryboardFile = Main;
				INFOPLIST_KEY_UISupportedInterfaceOrientations = UIInterfaceOrientationPortrait;
				INFOPLIST_KEY_UISupportedInterfaceOrientations_iPad = "UIInterfaceOrientationLandscapeLeft UIInterfaceOrientationLandscapeRight UIInterfaceOrientationPortrait UIInterfaceOrientationPortraitUpsideDown";
				IPHONEOS_DEPLOYMENT_TARGET = 14.0;
				LD_RUNPATH_SEARCH_PATHS = (
					"$(inherited)",
					"@executable_path/Frameworks",
				);
				MARKETING_VERSION = 1.0.1;
				PRODUCT_BUNDLE_IDENTIFIER = com.app.SilverTown;
				PRODUCT_NAME = "$(TARGET_NAME)";
				SUPPORTED_PLATFORMS = "iphoneos iphonesimulator";
				SUPPORTS_MACCATALYST = NO;
				SUPPORTS_MAC_DESIGNED_FOR_IPHONE_IPAD = NO;
				SWIFT_EMIT_LOC_STRINGS = YES;
				SWIFT_VERSION = 5.0;
				TARGETED_DEVICE_FAMILY = 1;
			};
			name = Release;
		};
/* End XCBuildConfiguration section */

/* Begin XCConfigurationList section */
		FFC4A593296848370028E135 /* Build configuration list for PBXProject "SilverTown" */ = {
			isa = XCConfigurationList;
			buildConfigurations = (
				FFC4A5AD296848430028E135 /* Debug */,
				FFC4A5AE296848430028E135 /* Release */,
			);
			defaultConfigurationIsVisible = 0;
			defaultConfigurationName = Release;
		};
		FFC4A5AF296848430028E135 /* Build configuration list for PBXNativeTarget "SilverTown" */ = {
			isa = XCConfigurationList;
			buildConfigurations = (
				FFC4A5B0296848430028E135 /* Debug */,
				FFC4A5B1296848430028E135 /* Release */,
			);
			defaultConfigurationIsVisible = 0;
			defaultConfigurationName = Release;
		};
/* End XCConfigurationList section */

/* Begin XCVersionGroup section */
		FFC4A5A4296848370028E135 /* SilverTown.xcdatamodeld */ = {
			isa = XCVersionGroup;
			children = (
				FFC4A5A5296848370028E135 /* SilverTown.xcdatamodel */,
			);
			currentVersion = FFC4A5A5296848370028E135 /* SilverTown.xcdatamodel */;
			path = SilverTown.xcdatamodeld;
			sourceTree = "<group>";
			versionGroupType = wrapper.xcdatamodel;
		};
/* End XCVersionGroup section */
	};
	rootObject = FFC4A590296848370028E135 /* Project object */;
}
